
Microsoft Visual Studio Solution File, Format Version 12.00
# Visual Studio Version 17
VisualStudioVersion = 17.8.34302.71
MinimumVisualStudioVersion = 10.0.40219.1
Project("{FAE04EC0-301F-11D3-BF4B-00C04F79EFBC}") = "ProductCRUD", "ProductCRUD\ProductCRUD.csproj", "{84E29658-7E2A-4A08-B037-A0385A7BB442}"
EndProject
Global
	GlobalSection(SolutionConfigurationPlatforms) = preSolution
		Debug|Any CPU = Debug|Any CPU
		Release|Any CPU = Release|Any CPU
	EndGlobalSection
	GlobalSection(ProjectConfigurationPlatforms) = postSolution
		{84E29658-7E2A-4A08-B037-A0385A7BB442}.Debug|Any CPU.ActiveCfg = Debug|Any CPU
		{84E29658-7E2A-4A08-B037-A0385A7BB442}.Debug|Any CPU.Build.0 = Debug|Any CPU
		{84E29658-7E2A-4A08-B037-A0385A7BB442}.Release|Any CPU.ActiveCfg = Release|Any CPU
		{84E29658-7E2A-4A08-B037-A0385A7BB442}.Release|Any CPU.Build.0 = Release|Any CPU
	EndGlobalSection
	GlobalSection(SolutionProperties) = preSolution
		HideSolutionNode = FALSE
	EndGlobalSection
	GlobalSection(ExtensibilityGlobals) = postSolution
		SolutionGuid = {027096C9-C011-41A5-94BF-38FB50610B9E}
	EndGlobalSection
EndGlobal
